// !$*UTF8*$!
{
	archiveVersion = 1;
	classes = {
	};
	objectVersion = 56;
	objects = {

/* Begin PBXBuildFile section */
		E9BDA6D42D0DBCFE003BE1B9 /* Financial_recoderApp.swift in Sources */ = {isa = PBXBuildFile; fileRef = E9BDA6D32D0DBCFE003BE1B9 /* Financial_recoderApp.swift */; };
		E9BDA6D62D0DBCFE003BE1B9 /* ContentView.swift in Sources */ = {isa = PBXBuildFile; fileRef = E9BDA6D52D0DBCFE003BE1B9 /* ContentView.swift */; };
		E9BDA6D82D0DBD00003BE1B9 /* Assets.xcassets in Resources */ = {isa = PBXBuildFile; fileRef = E9BDA6D72D0DBD00003BE1B9 /* Assets.xcassets */; };
		E9BDA6DB2D0DBD00003BE1B9 /* Preview Assets.xcassets in Resources */ = {isa = PBXBuildFile; fileRef = E9BDA6DA2D0DBD00003BE1B9 /* Preview Assets.xcassets */; };
		E9BDA6E52D0DBD00003BE1B9 /* Financial_recoderTests.swift in Sources */ = {isa = PBXBuildFile; fileRef = E9BDA6E42D0DBD00003BE1B9 /* Financial_recoderTests.swift */; };
		E9BDA6EF2D0DBD00003BE1B9 /* Financial_recoderUITests.swift in Sources */ = {isa = PBXBuildFile; fileRef = E9BDA6EE2D0DBD00003BE1B9 /* Financial_recoderUITests.swift */; };
		E9BDA6F12D0DBD00003BE1B9 /* Financial_recoderUITestsLaunchTests.swift in Sources */ = {isa = PBXBuildFile; fileRef = E9BDA6F02D0DBD00003BE1B9 /* Financial_recoderUITestsLaunchTests.swift */; };
/* End PBXBuildFile section */

/* Begin PBXContainerItemProxy section */
		E9BDA6E12D0DBD00003BE1B9 /* PBXContainerItemProxy */ = {
			isa = PBXContainerItemProxy;
			containerPortal = E9BDA6C82D0DBCFE003BE1B9 /* Project object */;
			proxyType = 1;
			remoteGlobalIDString = E9BDA6CF2D0DBCFE003BE1B9;
			remoteInfo = Financial_recoder;
		};
		E9BDA6EB2D0DBD00003BE1B9 /* PBXContainerItemProxy */ = {
			isa = PBXContainerItemProxy;
			containerPortal = E9BDA6C82D0DBCFE003BE1B9 /* Project object */;
			proxyType = 1;
			remoteGlobalIDString = E9BDA6CF2D0DBCFE003BE1B9;
			remoteInfo = Financial_recoder;
		};
/* End PBXContainerItemProxy section */

/* Begin PBXFileReference section */
		E9BDA6D02D0DBCFE003BE1B9 /* Financial_recoder.app */ = {isa = PBXFileReference; explicitFileType = wrapper.application; includeInIndex = 0; path = Financial_recoder.app; sourceTree = BUILT_PRODUCTS_DIR; };
		E9BDA6D32D0DBCFE003BE1B9 /* Financial_recoderApp.swift */ = {isa = PBXFileReference; lastKnownFileType = sourcecode.swift; path = Financial_recoderApp.swift; sourceTree = "<group>"; };
		E9BDA6D52D0DBCFE003BE1B9 /* ContentView.swift */ = {isa = PBXFileReference; lastKnownFileType = sourcecode.swift; path = ContentView.swift; sourceTree = "<group>"; };
		E9BDA6D72D0DBD00003BE1B9 /* Assets.xcassets */ = {isa = PBXFileReference; lastKnownFileType = folder.assetcatalog; path = Assets.xcassets; sourceTree = "<group>"; };
		E9BDA6DA2D0DBD00003BE1B9 /* Preview Assets.xcassets */ = {isa = PBXFileReference; lastKnownFileType = folder.assetcatalog; path = "Preview Assets.xcassets"; sourceTree = "<group>"; };
		E9BDA6E02D0DBD00003BE1B9 /* Financial_recoderTests.xctest */ = {isa = PBXFileReference; explicitFileType = wrapper.cfbundle; includeInIndex = 0; path = Financial_recoderTests.xctest; sourceTree = BUILT_PRODUCTS_DIR; };
		E9BDA6E42D0DBD00003BE1B9 /* Financial_recoderTests.swift */ = {isa = PBXFileReference; lastKnownFileType = sourcecode.swift; path = Financial_recoderTests.swift; sourceTree = "<group>"; };
		E9BDA6EA2D0DBD00003BE1B9 /* Financial_recoderUITests.xctest */ = {isa = PBXFileReference; explicitFileType = wrapper.cfbundle; includeInIndex = 0; path = Financial_recoderUITests.xctest; sourceTree = BUILT_PRODUCTS_DIR; };
		E9BDA6EE2D0DBD00003BE1B9 /* Financial_recoderUITests.swift */ = {isa = PBXFileReference; lastKnownFileType = sourcecode.swift; path = Financial_recoderUITests.swift; sourceTree = "<group>"; };
		E9BDA6F02D0DBD00003BE1B9 /* Financial_recoderUITestsLaunchTests.swift */ = {isa = PBXFileReference; lastKnownFileType = sourcecode.swift; path = Financial_recoderUITestsLaunchTests.swift; sourceTree = "<group>"; };
/* End PBXFileReference section */

/* Begin PBXFrameworksBuildPhase section */
		E9BDA6CD2D0DBCFE003BE1B9 /* Frameworks */ = {
			isa = PBXFrameworksBuildPhase;
			buildActionMask = 2147483647;
			files = (
			);
			runOnlyForDeploymentPostprocessing = 0;
		};
		E9BDA6DD2D0DBD00003BE1B9 /* Frameworks */ = {
			isa = PBXFrameworksBuildPhase;
			buildActionMask = 2147483647;
			files = (
			);
			runOnlyForDeploymentPostprocessing = 0;
		};
		E9BDA6E72D0DBD00003BE1B9 /* Frameworks */ = {
			isa = PBXFrameworksBuildPhase;
			buildActionMask = 2147483647;
			files = (
			);
			runOnlyForDeploymentPostprocessing = 0;
		};
/* End PBXFrameworksBuildPhase section */

/* Begin PBXGroup section */
		E9BDA6C72D0DBCFE003BE1B9 = {
			isa = PBXGroup;
			children = (
				E9BDA6D22D0DBCFE003BE1B9 /* Financial_recoder */,
				E9BDA6E32D0DBD00003BE1B9 /* Financial_recoderTests */,
				E9BDA6ED2D0DBD00003BE1B9 /* Financial_recoderUITests */,
				E9BDA6D12D0DBCFE003BE1B9 /* Products */,
			);
			sourceTree = "<group>";
		};
		E9BDA6D12D0DBCFE003BE1B9 /* Products */ = {
			isa = PBXGroup;
			children = (
				E9BDA6D02D0DBCFE003BE1B9 /* Financial_recoder.app */,
				E9BDA6E02D0DBD00003BE1B9 /* Financial_recoderTests.xctest */,
				E9BDA6EA2D0DBD00003BE1B9 /* Financial_recoderUITests.xctest */,
			);
			name = Products;
			sourceTree = "<group>";
		};
		E9BDA6D22D0DBCFE003BE1B9 /* Financial_recoder */ = {
			isa = PBXGroup;
			children = (
				E9BDA6D32D0DBCFE003BE1B9 /* Financial_recoderApp.swift */,
				E9BDA6D52D0DBCFE003BE1B9 /* ContentView.swift */,
				E9BDA6D72D0DBD00003BE1B9 /* Assets.xcassets */,
				E9BDA6D92D0DBD00003BE1B9 /* Preview Content */,
			);
			path = Financial_recoder;
			sourceTree = "<group>";
		};
		E9BDA6D92D0DBD00003BE1B9 /* Preview Content */ = {
			isa = PBXGroup;
			children = (
				E9BDA6DA2D0DBD00003BE1B9 /* Preview Assets.xcassets */,
			);
			path = "Preview Content";
			sourceTree = "<group>";
		};
		E9BDA6E32D0DBD00003BE1B9 /* Financial_recoderTests */ = {
			isa = PBXGroup;
			children = (
				E9BDA6E42D0DBD00003BE1B9 /* Financial_recoderTests.swift */,
			);
			path = Financial_recoderTests;
			sourceTree = "<group>";
		};
		E9BDA6ED2D0DBD00003BE1B9 /* Financial_recoderUITests */ = {
			isa = PBXGroup;
			children = (
				E9BDA6EE2D0DBD00003BE1B9 /* Financial_recoderUITests.swift */,
				E9BDA6F02D0DBD00003BE1B9 /* Financial_recoderUITestsLaunchTests.swift */,
			);
			path = Financial_recoderUITests;
			sourceTree = "<group>";
		};
/* End PBXGroup section */

/* Begin PBXNativeTarget section */
		E9BDA6CF2D0DBCFE003BE1B9 /* Financial_recoder */ = {
			isa = PBXNativeTarget;
			buildConfigurationList = E9BDA6F42D0DBD00003BE1B9 /* Build configuration list for PBXNativeTarget "Financial_recoder" */;
			buildPhases = (
				E9BDA6CC2D0DBCFE003BE1B9 /* Sources */,
				E9BDA6CD2D0DBCFE003BE1B9 /* Frameworks */,
				E9BDA6CE2D0DBCFE003BE1B9 /* Resources */,
			);
			buildRules = (
			);
			dependencies = (
			);
			name = Financial_recoder;
			productName = Financial_recoder;
			productReference = E9BDA6D02D0DBCFE003BE1B9 /* Financial_recoder.app */;
			productType = "com.apple.product-type.application";
		};
		E9BDA6DF2D0DBD00003BE1B9 /* Financial_recoderTests */ = {
			isa = PBXNativeTarget;
			buildConfigurationList = E9BDA6F72D0DBD00003BE1B9 /* Build configuration list for PBXNativeTarget "Financial_recoderTests" */;
			buildPhases = (
				E9BDA6DC2D0DBD00003BE1B9 /* Sources */,
				E9BDA6DD2D0DBD00003BE1B9 /* Frameworks */,
				E9BDA6DE2D0DBD00003BE1B9 /* Resources */,
			);
			buildRules = (
			);
			dependencies = (
				E9BDA6E22D0DBD00003BE1B9 /* PBXTargetDependency */,
			);
			name = Financial_recoderTests;
			productName = Financial_recoderTests;
			productReference = E9BDA6E02D0DBD00003BE1B9 /* Financial_recoderTests.xctest */;
			productType = "com.apple.product-type.bundle.unit-test";
		};
		E9BDA6E92D0DBD00003BE1B9 /* Financial_recoderUITests */ = {
			isa = PBXNativeTarget;
			buildConfigurationList = E9BDA6FA2D0DBD00003BE1B9 /* Build configuration list for PBXNativeTarget "Financial_recoderUITests" */;
			buildPhases = (
				E9BDA6E62D0DBD00003BE1B9 /* Sources */,
				E9BDA6E72D0DBD00003BE1B9 /* Frameworks */,
				E9BDA6E82D0DBD00003BE1B9 /* Resources */,
			);
			buildRules = (
			);
			dependencies = (
				E9BDA6EC2D0DBD00003BE1B9 /* PBXTargetDependency */,
			);
			name = Financial_recoderUITests;
			productName = Financial_recoderUITests;
			productReference = E9BDA6EA2D0DBD00003BE1B9 /* Financial_recoderUITests.xctest */;
			productType = "com.apple.product-type.bundle.ui-testing";
		};
/* End PBXNativeTarget section */

/* Begin PBXProject section */
		E9BDA6C82D0DBCFE003BE1B9 /* Project object */ = {
			isa = PBXProject;
			attributes = {
				BuildIndependentTargetsInParallel = 1;
				LastSwiftUpdateCheck = 1540;
				LastUpgradeCheck = 1540;
				TargetAttributes = {
					E9BDA6CF2D0DBCFE003BE1B9 = {
						CreatedOnToolsVersion = 15.4;
					};
					E9BDA6DF2D0DBD00003BE1B9 = {
						CreatedOnToolsVersion = 15.4;
						TestTargetID = E9BDA6CF2D0DBCFE003BE1B9;
					};
					E9BDA6E92D0DBD00003BE1B9 = {
						CreatedOnToolsVersion = 15.4;
						TestTargetID = E9BDA6CF2D0DBCFE003BE1B9;
					};
				};
			};
			buildConfigurationList = E9BDA6CB2D0DBCFE003BE1B9 /* Build configuration list for PBXProject "Financial_recoder" */;
			compatibilityVersion = "Xcode 14.0";
			developmentRegion = en;
			hasScannedForEncodings = 0;
			knownRegions = (
				en,
				Base,
			);
			mainGroup = E9BDA6C72D0DBCFE003BE1B9;
			productRefGroup = E9BDA6D12D0DBCFE003BE1B9 /* Products */;
			projectDirPath = "";
			projectRoot = "";
			targets = (
				E9BDA6CF2D0DBCFE003BE1B9 /* Financial_recoder */,
				E9BDA6DF2D0DBD00003BE1B9 /* Financial_recoderTests */,
				E9BDA6E92D0DBD00003BE1B9 /* Financial_recoderUITests */,
			);
		};
/* End PBXProject section */

/* Begin PBXResourcesBuildPhase section */
		E9BDA6CE2D0DBCFE003BE1B9 /* Resources */ = {
			isa = PBXResourcesBuildPhase;
			buildActionMask = 2147483647;
			files = (
				E9BDA6DB2D0DBD00003BE1B9 /* Preview Assets.xcassets in Resources */,
				E9BDA6D82D0DBD00003BE1B9 /* Assets.xcassets in Resources */,
			);
			runOnlyForDeploymentPostprocessing = 0;
		};
		E9BDA6DE2D0DBD00003BE1B9 /* Resources */ = {
			isa = PBXResourcesBuildPhase;
			buildActionMask = 2147483647;
			files = (
			);
			runOnlyForDeploymentPostprocessing = 0;
		};
		E9BDA6E82D0DBD00003BE1B9 /* Resources */ = {
			isa = PBXResourcesBuildPhase;
			buildActionMask = 2147483647;
			files = (
			);
			runOnlyForDeploymentPostprocessing = 0;
		};
/* End PBXResourcesBuildPhase section */

/* Begin PBXSourcesBuildPhase section */
		E9BDA6CC2D0DBCFE003BE1B9 /* Sources */ = {
			isa = PBXSourcesBuildPhase;
			buildActionMask = 2147483647;
			files = (
				E9BDA6D62D0DBCFE003BE1B9 /* ContentView.swift in Sources */,
				E9BDA6D42D0DBCFE003BE1B9 /* Financial_recoderApp.swift in Sources */,
			);
			runOnlyForDeploymentPostprocessing = 0;
		};
		E9BDA6DC2D0DBD00003BE1B9 /* Sources */ = {
			isa = PBXSourcesBuildPhase;
			buildActionMask = 2147483647;
			files = (
				E9BDA6E52D0DBD00003BE1B9 /* Financial_recoderTests.swift in Sources */,
			);
			runOnlyForDeploymentPostprocessing = 0;
		};
		E9BDA6E62D0DBD00003BE1B9 /* Sources */ = {
			isa = PBXSourcesBuildPhase;
			buildActionMask = 2147483647;
			files = (
				E9BDA6EF2D0DBD00003BE1B9 /* Financial_recoderUITests.swift in Sources */,
				E9BDA6F12D0DBD00003BE1B9 /* Financial_recoderUITestsLaunchTests.swift in Sources */,
			);
			runOnlyForDeploymentPostprocessing = 0;
		};
/* End PBXSourcesBuildPhase section */

/* Begin PBXTargetDependency section */
		E9BDA6E22D0DBD00003BE1B9 /* PBXTargetDependency */ = {
			isa = PBXTargetDependency;
			target = E9BDA6CF2D0DBCFE003BE1B9 /* Financial_recoder */;
			targetProxy = E9BDA6E12D0DBD00003BE1B9 /* PBXContainerItemProxy */;
		};
		E9BDA6EC2D0DBD00003BE1B9 /* PBXTargetDependency */ = {
			isa = PBXTargetDependency;
			target = E9BDA6CF2D0DBCFE003BE1B9 /* Financial_recoder */;
			targetProxy = E9BDA6EB2D0DBD00003BE1B9 /* PBXContainerItemProxy */;
		};
/* End PBXTargetDependency section */

/* Begin XCBuildConfiguration section */
		E9BDA6F22D0DBD00003BE1B9 /* Debug */ = {
			isa = XCBuildConfiguration;
			buildSettings = {
				ALWAYS_SEARCH_USER_PATHS = NO;
				ASSETCATALOG_COMPILER_GENERATE_SWIFT_ASSET_SYMBOL_EXTENSIONS = YES;
				CLANG_ANALYZER_NONNULL = YES;
				CLANG_ANALYZER_NUMBER_OBJECT_CONVERSION = YES_AGGRESSIVE;
				CLANG_CXX_LANGUAGE_STANDARD = "gnu++20";
				CLANG_ENABLE_MODULES = YES;
				CLANG_ENABLE_OBJC_ARC = YES;
				CLANG_ENABLE_OBJC_WEAK = YES;
				CLANG_WARN_BLOCK_CAPTURE_AUTORELEASING = YES;
				CLANG_WARN_BOOL_CONVERSION = YES;
				CLANG_WARN_COMMA = YES;
				CLANG_WARN_CONSTANT_CONVERSION = YES;
				CLANG_WARN_DEPRECATED_OBJC_IMPLEMENTATIONS = YES;
				CLANG_WARN_DIRECT_OBJC_ISA_USAGE = YES_ERROR;
				CLANG_WARN_DOCUMENTATION_COMMENTS = YES;
				CLANG_WARN_EMPTY_BODY = YES;
				CLANG_WARN_ENUM_CONVERSION = YES;
				CLANG_WARN_INFINITE_RECURSION = YES;
				CLANG_WARN_INT_CONVERSION = YES;
				CLANG_WARN_NON_LITERAL_NULL_CONVERSION = YES;
				CLANG_WARN_OBJC_IMPLICIT_RETAIN_SELF = YES;
				CLANG_WARN_OBJC_LITERAL_CONVERSION = YES;
				CLANG_WARN_OBJC_ROOT_CLASS = YES_ERROR;
				CLANG_WARN_QUOTED_INCLUDE_IN_FRAMEWORK_HEADER = YES;
				CLANG_WARN_RANGE_LOOP_ANALYSIS = YES;
				CLANG_WARN_STRICT_PROTOTYPES = YES;
				CLANG_WARN_SUSPICIOUS_MOVE = YES;
				CLANG_WARN_UNGUARDED_AVAILABILITY = YES_AGGRESSIVE;
				CLANG_WARN_UNREACHABLE_CODE = YES;
				CLANG_WARN__DUPLICATE_METHOD_MATCH = YES;
				COPY_PHASE_STRIP = NO;
				DEBUG_INFORMATION_FORMAT = dwarf;
				ENABLE_STRICT_OBJC_MSGSEND = YES;
				ENABLE_TESTABILITY = YES;
				ENABLE_USER_SCRIPT_SANDBOXING = YES;
				GCC_C_LANGUAGE_STANDARD = gnu17;
				GCC_DYNAMIC_NO_PIC = NO;
				GCC_NO_COMMON_BLOCKS = YES;
				GCC_OPTIMIZATION_LEVEL = 0;
				GCC_PREPROCESSOR_DEFINITIONS = (
					"DEBUG=1",
					"$(inherited)",
				);
				GCC_WARN_64_TO_32_BIT_CONVERSION = YES;
				GCC_WARN_ABOUT_RETURN_TYPE = YES_ERROR;
				GCC_WARN_UNDECLARED_SELECTOR = YES;
				GCC_WARN_UNINITIALIZED_AUTOS = YES_AGGRESSIVE;
				GCC_WARN_UNUSED_FUNCTION = YES;
				GCC_WARN_UNUSED_VARIABLE = YES;
				IPHONEOS_DEPLOYMENT_TARGET = 17.5;
				LOCALIZATION_PREFERS_STRING_CATALOGS = YES;
				MTL_ENABLE_DEBUG_INFO = INCLUDE_SOURCE;
				MTL_FAST_MATH = YES;
				ONLY_ACTIVE_ARCH = YES;
				SDKROOT = iphoneos;
				SWIFT_ACTIVE_COMPILATION_CONDITIONS = "DEBUG $(inherited)";
				SWIFT_OPTIMIZATION_LEVEL = "-Onone";
			};
			name = Debug;
		};
		E9BDA6F32D0DBD00003BE1B9 /* Release */ = {
			isa = XCBuildConfiguration;
			buildSettings = {
				ALWAYS_SEARCH_USER_PATHS = NO;
				ASSETCATALOG_COMPILER_GENERATE_SWIFT_ASSET_SYMBOL_EXTENSIONS = YES;
				CLANG_ANALYZER_NONNULL = YES;
				CLANG_ANALYZER_NUMBER_OBJECT_CONVERSION = YES_AGGRESSIVE;
				CLANG_CXX_LANGUAGE_STANDARD = "gnu++20";
				CLANG_ENABLE_MODULES = YES;
				CLANG_ENABLE_OBJC_ARC = YES;
				CLANG_ENABLE_OBJC_WEAK = YES;
				CLANG_WARN_BLOCK_CAPTURE_AUTORELEASING = YES;
				CLANG_WARN_BOOL_CONVERSION = YES;
				CLANG_WARN_COMMA = YES;
				CLANG_WARN_CONSTANT_CONVERSION = YES;
				CLANG_WARN_DEPRECATED_OBJC_IMPLEMENTATIONS = YES;
				CLANG_WARN_DIRECT_OBJC_ISA_USAGE = YES_ERROR;
				CLANG_WARN_DOCUMENTATION_COMMENTS = YES;
				CLANG_WARN_EMPTY_BODY = YES;
				CLANG_WARN_ENUM_CONVERSION = YES;
				CLANG_WARN_INFINITE_RECURSION = YES;
				CLANG_WARN_INT_CONVERSION = YES;
				CLANG_WARN_NON_LITERAL_NULL_CONVERSION = YES;
				CLANG_WARN_OBJC_IMPLICIT_RETAIN_SELF = YES;
				CLANG_WARN_OBJC_LITERAL_CONVERSION = YES;
				CLANG_WARN_OBJC_ROOT_CLASS = YES_ERROR;
				CLANG_WARN_QUOTED_INCLUDE_IN_FRAMEWORK_HEADER = YES;
				CLANG_WARN_RANGE_LOOP_ANALYSIS = YES;
				CLANG_WARN_STRICT_PROTOTYPES = YES;
				CLANG_WARN_SUSPICIOUS_MOVE = YES;
				CLANG_WARN_UNGUARDED_AVAILABILITY = YES_AGGRESSIVE;
				CLANG_WARN_UNREACHABLE_CODE = YES;
				CLANG_WARN__DUPLICATE_METHOD_MATCH = YES;
				COPY_PHASE_STRIP = NO;
				DEBUG_INFORMATION_FORMAT = "dwarf-with-dsym";
				ENABLE_NS_ASSERTIONS = NO;
				ENABLE_STRICT_OBJC_MSGSEND = YES;
				ENABLE_USER_SCRIPT_SANDBOXING = YES;
				GCC_C_LANGUAGE_STANDARD = gnu17;
				GCC_NO_COMMON_BLOCKS = YES;
				GCC_WARN_64_TO_32_BIT_CONVERSION = YES;
				GCC_WARN_ABOUT_RETURN_TYPE = YES_ERROR;
				GCC_WARN_UNDECLARED_SELECTOR = YES;
				GCC_WARN_UNINITIALIZED_AUTOS = YES_AGGRESSIVE;
				GCC_WARN_UNUSED_FUNCTION = YES;
				GCC_WARN_UNUSED_VARIABLE = YES;
				IPHONEOS_DEPLOYMENT_TARGET = 17.5;
				LOCALIZATION_PREFERS_STRING_CATALOGS = YES;
				MTL_ENABLE_DEBUG_INFO = NO;
				MTL_FAST_MATH = YES;
				SDKROOT = iphoneos;
				SWIFT_COMPILATION_MODE = wholemodule;
				VALIDATE_PRODUCT = YES;
			};
			name = Release;
		};
		E9BDA6F52D0DBD00003BE1B9 /* Debug */ = {
			isa = XCBuildConfiguration;
			buildSettings = {
				ASSETCATALOG_COMPILER_APPICON_NAME = AppIcon;
				ASSETCATALOG_COMPILER_GLOBAL_ACCENT_COLOR_NAME = AccentColor;
				CODE_SIGN_STYLE = Automatic;
				CURRENT_PROJECT_VERSION = 1;
				DEVELOPMENT_ASSET_PATHS = "\"Financial_recoder/Preview Content\"";
				DEVELOPMENT_TEAM = 4FGPK3CQ66;
				ENABLE_PREVIEWS = YES;
				GENERATE_INFOPLIST_FILE = YES;
				INFOPLIST_KEY_UIApplicationSceneManifest_Generation = YES;
				INFOPLIST_KEY_UIApplicationSupportsIndirectInputEvents = YES;
				INFOPLIST_KEY_UILaunchScreen_Generation = YES;
				INFOPLIST_KEY_UISupportedInterfaceOrientations_iPad = "UIInterfaceOrientationPortrait UIInterfaceOrientationPortraitUpsideDown UIInterfaceOrientationLandscapeLeft UIInterfaceOrientationLandscapeRight";
				INFOPLIST_KEY_UISupportedInterfaceOrientations_iPhone = "UIInterfaceOrientationPortrait UIInterfaceOrientationLandscapeLeft UIInterfaceOrientationLandscapeRight";
				LD_RUNPATH_SEARCH_PATHS = (
					"$(inherited)",
					"@executable_path/Frameworks",
				);
				MARKETING_VERSION = 1.0;
				PRODUCT_BUNDLE_IDENTIFIER = "didi.Financial-recoder";
				PRODUCT_NAME = "$(TARGET_NAME)";
				SWIFT_EMIT_LOC_STRINGS = YES;
				SWIFT_VERSION = 5.0;
				TARGETED_DEVICE_FAMILY = "1,2";
			};
			name = Debug;
		};
		E9BDA6F62D0DBD00003BE1B9 /* Release */ = {
			isa = XCBuildConfiguration;
			buildSettings = {
				ASSETCATALOG_COMPILER_APPICON_NAME = AppIcon;
				ASSETCATALOG_COMPILER_GLOBAL_ACCENT_COLOR_NAME = AccentColor;
				CODE_SIGN_STYLE = Automatic;
				CURRENT_PROJECT_VERSION = 1;
				DEVELOPMENT_ASSET_PATHS = "\"Financial_recoder/Preview Content\"";
				DEVELOPMENT_TEAM = 4FGPK3CQ66;
				ENABLE_PREVIEWS = YES;
				GENERATE_INFOPLIST_FILE = YES;
				INFOPLIST_KEY_UIApplicationSceneManifest_Generation = YES;
				INFOPLIST_KEY_UIApplicationSupportsIndirectInputEvents = YES;
				INFOPLIST_KEY_UILaunchScreen_Generation = YES;
				INFOPLIST_KEY_UISupportedInterfaceOrientations_iPad = "UIInterfaceOrientationPortrait UIInterfaceOrientationPortraitUpsideDown UIInterfaceOrientationLandscapeLeft UIInterfaceOrientationLandscapeRight";
				INFOPLIST_KEY_UISupportedInterfaceOrientations_iPhone = "UIInterfaceOrientationPortrait UIInterfaceOrientationLandscapeLeft UIInterfaceOrientationLandscapeRight";
				LD_RUNPATH_SEARCH_PATHS = (
					"$(inherited)",
					"@executable_path/Frameworks",
				);
				MARKETING_VERSION = 1.0;
				PRODUCT_BUNDLE_IDENTIFIER = "didi.Financial-recoder";
				PRODUCT_NAME = "$(TARGET_NAME)";
				SWIFT_EMIT_LOC_STRINGS = YES;
				SWIFT_VERSION = 5.0;
				TARGETED_DEVICE_FAMILY = "1,2";
			};
			name = Release;
		};
		E9BDA6F82D0DBD00003BE1B9 /* Debug */ = {
			isa = XCBuildConfiguration;
			buildSettings = {
				ALWAYS_EMBED_SWIFT_STANDARD_LIBRARIES = YES;
				BUNDLE_LOADER = "$(TEST_HOST)";
				CODE_SIGN_STYLE = Automatic;
				CURRENT_PROJECT_VERSION = 1;
				DEVELOPMENT_TEAM = 4FGPK3CQ66;
				GENERATE_INFOPLIST_FILE = YES;
				IPHONEOS_DEPLOYMENT_TARGET = 17.5;
				MARKETING_VERSION = 1.0;
				PRODUCT_BUNDLE_IDENTIFIER = "didi.Financial-recoderTests";
				PRODUCT_NAME = "$(TARGET_NAME)";
				SWIFT_EMIT_LOC_STRINGS = NO;
				SWIFT_VERSION = 5.0;
				TARGETED_DEVICE_FAMILY = "1,2";
				TEST_HOST = "$(BUILT_PRODUCTS_DIR)/Financial_recoder.app/$(BUNDLE_EXECUTABLE_FOLDER_PATH)/Financial_recoder";
			};
			name = Debug;
		};
		E9BDA6F92D0DBD00003BE1B9 /* Release */ = {
			isa = XCBuildConfiguration;
			buildSettings = {
				ALWAYS_EMBED_SWIFT_STANDARD_LIBRARIES = YES;
				BUNDLE_LOADER = "$(TEST_HOST)";
				CODE_SIGN_STYLE = Automatic;
				CURRENT_PROJECT_VERSION = 1;
				DEVELOPMENT_TEAM = 4FGPK3CQ66;
				GENERATE_INFOPLIST_FILE = YES;
				IPHONEOS_DEPLOYMENT_TARGET = 17.5;
				MARKETING_VERSION = 1.0;
				PRODUCT_BUNDLE_IDENTIFIER = "didi.Financial-recoderTests";
				PRODUCT_NAME = "$(TARGET_NAME)";
				SWIFT_EMIT_LOC_STRINGS = NO;
				SWIFT_VERSION = 5.0;
				TARGETED_DEVICE_FAMILY = "1,2";
				TEST_HOST = "$(BUILT_PRODUCTS_DIR)/Financial_recoder.app/$(BUNDLE_EXECUTABLE_FOLDER_PATH)/Financial_recoder";
			};
			name = Release;
		};
		E9BDA6FB2D0DBD00003BE1B9 /* Debug */ = {
			isa = XCBuildConfiguration;
			buildSettings = {
				ALWAYS_EMBED_SWIFT_STANDARD_LIBRARIES = YES;
				CODE_SIGN_STYLE = Automatic;
				CURRENT_PROJECT_VERSION = 1;
				DEVELOPMENT_TEAM = 4FGPK3CQ66;
				GENERATE_INFOPLIST_FILE = YES;
				MARKETING_VERSION = 1.0;
				PRODUCT_BUNDLE_IDENTIFIER = "didi.Financial-recoderUITests";
				PRODUCT_NAME = "$(TARGET_NAME)";
				SWIFT_EMIT_LOC_STRINGS = NO;
				SWIFT_VERSION = 5.0;
				TARGETED_DEVICE_FAMILY = "1,2";
				TEST_TARGET_NAME = Financial_recoder;
			};
			name = Debug;
		};
		E9BDA6FC2D0DBD00003BE1B9 /* Release */ = {
			isa = XCBuildConfiguration;
			buildSettings = {
				ALWAYS_EMBED_SWIFT_STANDARD_LIBRARIES = YES;
				CODE_SIGN_STYLE = Automatic;
				CURRENT_PROJECT_VERSION = 1;
				DEVELOPMENT_TEAM = 4FGPK3CQ66;
				GENERATE_INFOPLIST_FILE = YES;
				MARKETING_VERSION = 1.0;
				PRODUCT_BUNDLE_IDENTIFIER = "didi.Financial-recoderUITests";
				PRODUCT_NAME = "$(TARGET_NAME)";
				SWIFT_EMIT_LOC_STRINGS = NO;
				SWIFT_VERSION = 5.0;
				TARGETED_DEVICE_FAMILY = "1,2";
				TEST_TARGET_NAME = Financial_recoder;
			};
			name = Release;
		};
/* End XCBuildConfiguration section */

/* Begin XCConfigurationList section */
		E9BDA6CB2D0DBCFE003BE1B9 /* Build configuration list for PBXProject "Financial_recoder" */ = {
			isa = XCConfigurationList;
			buildConfigurations = (
				E9BDA6F22D0DBD00003BE1B9 /* Debug */,
				E9BDA6F32D0DBD00003BE1B9 /* Release */,
			);
			defaultConfigurationIsVisible = 0;
			defaultConfigurationName = Release;
		};
		E9BDA6F42D0DBD00003BE1B9 /* Build configuration list for PBXNativeTarget "Financial_recoder" */ = {
			isa = XCConfigurationList;
			buildConfigurations = (
				E9BDA6F52D0DBD00003BE1B9 /* Debug */,
				E9BDA6F62D0DBD00003BE1B9 /* Release */,
			);
			defaultConfigurationIsVisible = 0;
			defaultConfigurationName = Release;
		};
		E9BDA6F72D0DBD00003BE1B9 /* Build configuration list for PBXNativeTarget "Financial_recoderTests" */ = {
			isa = XCConfigurationList;
			buildConfigurations = (
				E9BDA6F82D0DBD00003BE1B9 /* Debug */,
				E9BDA6F92D0DBD00003BE1B9 /* Release */,
			);
			defaultConfigurationIsVisible = 0;
			defaultConfigurationName = Release;
		};
		E9BDA6FA2D0DBD00003BE1B9 /* Build configuration list for PBXNativeTarget "Financial_recoderUITests" */ = {
			isa = XCConfigurationList;
			buildConfigurations = (
				E9BDA6FB2D0DBD00003BE1B9 /* Debug */,
				E9BDA6FC2D0DBD00003BE1B9 /* Release */,
			);
			defaultConfigurationIsVisible = 0;
			defaultConfigurationName = Release;
		};
/* End XCConfigurationList section */
	};
	rootObject = E9BDA6C82D0DBCFE003BE1B9 /* Project object */;
}
